
Microsoft Visual Studio Solution File, Format Version 12.00
# Visual Studio Version 17
VisualStudioVersion = 17.11.35303.130
MinimumVisualStudioVersion = 10.0.40219.1
Project("{FAE04EC0-301F-11D3-BF4B-00C04F79EFBC}") = "LinkIt.BubbleSheetPortal.Web", "LinkIt.BubbleSheetPortal.Web\LinkIt.BubbleSheetPortal.Web.csproj", "{795F1235-2063-4460-9F7F-B5CD9E042C51}"
EndProject
Project("{FAE04EC0-301F-11D3-BF4B-00C04F79EFBC}") = "LinkIt.BubbleSheetPortal.Services", "LinkIt.BubbleSheetPortal.Services\LinkIt.BubbleSheetPortal.Services.csproj", "{7424B44E-614D-490F-B700-B9B4B3C3C937}"
EndProject
Project("{FAE04EC0-301F-11D3-BF4B-00C04F79EFBC}") = "LinkIt.BubbleSheetPortal.Models", "LinkIt.BubbleSheetPortal.Models\LinkIt.BubbleSheetPortal.Models.csproj", "{B9A91E7B-BF5C-4598-A20E-F72E15B9477A}"
EndProject
Project("{FAE04EC0-301F-11D3-BF4B-00C04F79EFBC}") = "LinkIt.BubbleSheetPortal.Data", "LinkIt.BubbleSheetPortal.Data\LinkIt.BubbleSheetPortal.Data.csproj", "{4D1BCBB3-3A1A-4934-9BA4-0E13A8DE8560}"
EndProject
Project("{FAE04EC0-301F-11D3-BF4B-00C04F79EFBC}") = "LinkIt.BubbleSheetPortal.Validators", "LinkIt.BubbleSheetPortal.Validators\LinkIt.BubbleSheetPortal.Validators.csproj", "{7A17195C-EFBB-4446-B19A-3E3AE239F771}"
EndProject
Project("{FAE04EC0-301F-11D3-BF4B-00C04F79EFBC}") = "LinkIt.BubbleSheetPortal.Network", "LinkIt.BubbleSheetPortal.Network\LinkIt.BubbleSheetPortal.Network.csproj", "{FE9F0368-4277-4707-8115-41A30F2211D5}"
EndProject
Project("{2150E333-8FDC-42A3-9474-1A3956D46DE8}") = ".nuget", ".nuget", "{B956842C-C8F5-42B1-BAF4-CEBB258F964F}"
	ProjectSection(SolutionItems) = preProject
		.nuget\NuGet.Config = .nuget\NuGet.Config
		.nuget\NuGet.exe = .nuget\NuGet.exe
		.nuget\NuGet.targets = .nuget\NuGet.targets
	EndProjectSection
EndProject
Project("{2150E333-8FDC-42A3-9474-1A3956D46DE8}") = "Dependencies", "Dependencies", "{8CCDFDF0-BE04-44AF-B0F8-41E64102ADD5}"
	ProjectSection(SolutionItems) = preProject
		Dependencies\Envoc.Core.Shared.UnitTests.dll = Dependencies\Envoc.Core.Shared.UnitTests.dll
	EndProjectSection
EndProject
Project("{FAE04EC0-301F-11D3-BF4B-00C04F79EFBC}") = "LinkIt.BubbleSheetPortal.Common", "LinkIt.BubbleSheetPortal.Common\LinkIt.BubbleSheetPortal.Common.csproj", "{6CEDFBDC-2A25-4830-B8FA-5335AEB3BBD9}"
EndProject
Project("{FAE04EC0-301F-11D3-BF4B-00C04F79EFBC}") = "LinkIt.BubbleSheetPortal.VaultProvider", "LinkIt.BubbleSheetPortal.VaultProvider\LinkIt.BubbleSheetPortal.VaultProvider.csproj", "{2B18368A-5020-4FDB-BD77-6762F604B6F6}"
EndProject
Project("{FAE04EC0-301F-11D3-BF4B-00C04F79EFBC}") = "S3Library", "S3Library\S3Library.csproj", "{74CA2592-B432-44C0-B1CF-31D9EF24CD28}"
EndProject
Project("{2150E333-8FDC-42A3-9474-1A3956D46DE8}") = ".nuget", ".nuget", "{1C63224B-A17E-4CB6-AB54-7A4780DCEA63}"
	ProjectSection(SolutionItems) = preProject
		.nuget\packages.config = .nuget\packages.config
	EndProjectSection
EndProject
Project("{FAE04EC0-301F-11D3-BF4B-00C04F79EFBC}") = "LinkIt.BubbleSheetPortal.DynamoConnector", "LinkIt.BubbleSheetPortal.DynamoConnector\LinkIt.BubbleSheetPortal.DynamoConnector.csproj", "{35289C04-42A4-4F14-83DA-3E5E1CE2F6F9}"
EndProject
Project("{FAE04EC0-301F-11D3-BF4B-00C04F79EFBC}") = "LinkIt.BubbleSheetPortal.DynamoIsolating", "LinkIt.BubbleSheetPortal.DynamoIsolating\LinkIt.BubbleSheetPortal.DynamoIsolating.csproj", "{FB1084D7-33A3-4416-9832-394A3B12A5C3}"
EndProject
Project("{2150E333-8FDC-42A3-9474-1A3956D46DE8}") = "Solution Items", "Solution Items", "{97FB4B4B-2F5F-4B8B-AF19-5B1E10D411FA}"
	ProjectSection(SolutionItems) = preProject
		.editorconfig = .editorconfig
	EndProjectSection
EndProject
Project("{FAE04EC0-301F-11D3-BF4B-00C04F79EFBC}") = "TestConsole", "TestConsole\TestConsole.csproj", "{7008FA8C-D27C-4E6C-AF91-19F1F082D88C}"
EndProject
Project("{FAE04EC0-301F-11D3-BF4B-00C04F79EFBC}") = "Linkit.BubbleSheetPortal.UnitTests", "Linkit.BubbleSheetPortal.UnitTests\Linkit.BubbleSheetPortal.UnitTests.csproj", "{E7E5D8A4-9875-4FC6-BEB0-80D4A99BDC8E}"
EndProject
Project("{2150E333-8FDC-42A3-9474-1A3956D46DE8}") = "Modules", "Modules", "{8B5B844B-EEE1-4312-AE78-2935C993A1A2}"
EndProject
Project("{FAE04EC0-301F-11D3-BF4B-00C04F79EFBC}") = "LinkIt.BubbleSheetPortal.InteractiveRubric", "Modules\LinkIt.BubbleSheetPortal.InteractiveRubric\LinkIt.BubbleSheetPortal.InteractiveRubric.csproj", "{3B9CFB5A-3E4A-42EC-A32C-6DAE702D2943}"
EndProject
Project("{FAE04EC0-301F-11D3-BF4B-00C04F79EFBC}") = "LinkIt.BubbleSheetPortal.SimpleQueueService", "Modules\LinkIt.BubbleSheetPortal.SimpleQueueService\LinkIt.BubbleSheetPortal.SimpleQueueService.csproj", "{8B901847-CAEE-4ABE-8395-9C87DF4D6067}"
EndProject
Project("{FAE04EC0-301F-11D3-BF4B-00C04F79EFBC}") = "Linkit.AspNet.SessionState", "Modules\Linkit.AspNet.SessionState\Linkit.AspNet.SessionState.csproj", "{437C096F-4A2D-4682-BEE6-81C57300ED5E}"
EndProject
Global
	GlobalSection(SolutionConfigurationPlatforms) = preSolution
		au_production|Any CPU = au_production|Any CPU
		au_staging|Any CPU = au_staging|Any CPU
		Debug|Any CPU = Debug|Any CPU
		pre_prod|Any CPU = pre_prod|Any CPU
		Release|Any CPU = Release|Any CPU
		us_production|Any CPU = us_production|Any CPU
		us_staging|Any CPU = us_staging|Any CPU
		vn_dev|Any CPU = vn_dev|Any CPU
	EndGlobalSection
	GlobalSection(ProjectConfigurationPlatforms) = postSolution
		{795F1235-2063-4460-9F7F-B5CD9E042C51}.au_production|Any CPU.ActiveCfg = Release|Any CPU
		{795F1235-2063-4460-9F7F-B5CD9E042C51}.au_production|Any CPU.Build.0 = Release|Any CPU
		{795F1235-2063-4460-9F7F-B5CD9E042C51}.au_staging|Any CPU.ActiveCfg = Release|Any CPU
		{795F1235-2063-4460-9F7F-B5CD9E042C51}.au_staging|Any CPU.Build.0 = Release|Any CPU
		{795F1235-2063-4460-9F7F-B5CD9E042C51}.Debug|Any CPU.ActiveCfg = Debug|Any CPU
		{795F1235-2063-4460-9F7F-B5CD9E042C51}.Debug|Any CPU.Build.0 = Debug|Any CPU
		{795F1235-2063-4460-9F7F-B5CD9E042C51}.pre_prod|Any CPU.ActiveCfg = Release|Any CPU
		{795F1235-2063-4460-9F7F-B5CD9E042C51}.pre_prod|Any CPU.Build.0 = Release|Any CPU
		{795F1235-2063-4460-9F7F-B5CD9E042C51}.Release|Any CPU.ActiveCfg = Release|Any CPU
		{795F1235-2063-4460-9F7F-B5CD9E042C51}.Release|Any CPU.Build.0 = Release|Any CPU
		{795F1235-2063-4460-9F7F-B5CD9E042C51}.us_production|Any CPU.ActiveCfg = Release|Any CPU
		{795F1235-2063-4460-9F7F-B5CD9E042C51}.us_production|Any CPU.Build.0 = Release|Any CPU
		{795F1235-2063-4460-9F7F-B5CD9E042C51}.us_staging|Any CPU.ActiveCfg = Release|Any CPU
		{795F1235-2063-4460-9F7F-B5CD9E042C51}.us_staging|Any CPU.Build.0 = Release|Any CPU
		{795F1235-2063-4460-9F7F-B5CD9E042C51}.vn_dev|Any CPU.ActiveCfg = Release|Any CPU
		{795F1235-2063-4460-9F7F-B5CD9E042C51}.vn_dev|Any CPU.Build.0 = Release|Any CPU
		{7424B44E-614D-490F-B700-B9B4B3C3C937}.au_production|Any CPU.ActiveCfg = au_production|Any CPU
		{7424B44E-614D-490F-B700-B9B4B3C3C937}.au_production|Any CPU.Build.0 = au_production|Any CPU
		{7424B44E-614D-490F-B700-B9B4B3C3C937}.au_staging|Any CPU.ActiveCfg = au_staging|Any CPU
		{7424B44E-614D-490F-B700-B9B4B3C3C937}.au_staging|Any CPU.Build.0 = au_staging|Any CPU
		{7424B44E-614D-490F-B700-B9B4B3C3C937}.Debug|Any CPU.ActiveCfg = Debug|Any CPU
		{7424B44E-614D-490F-B700-B9B4B3C3C937}.Debug|Any CPU.Build.0 = Debug|Any CPU
		{7424B44E-614D-490F-B700-B9B4B3C3C937}.pre_prod|Any CPU.ActiveCfg = pre_prod|Any CPU
		{7424B44E-614D-490F-B700-B9B4B3C3C937}.pre_prod|Any CPU.Build.0 = pre_prod|Any CPU
		{7424B44E-614D-490F-B700-B9B4B3C3C937}.Release|Any CPU.ActiveCfg = Release|Any CPU
		{7424B44E-614D-490F-B700-B9B4B3C3C937}.Release|Any CPU.Build.0 = Release|Any CPU
		{7424B44E-614D-490F-B700-B9B4B3C3C937}.us_production|Any CPU.ActiveCfg = us_production|Any CPU
		{7424B44E-614D-490F-B700-B9B4B3C3C937}.us_production|Any CPU.Build.0 = us_production|Any CPU
		{7424B44E-614D-490F-B700-B9B4B3C3C937}.us_staging|Any CPU.ActiveCfg = us_staging|Any CPU
		{7424B44E-614D-490F-B700-B9B4B3C3C937}.us_staging|Any CPU.Build.0 = us_staging|Any CPU
		{7424B44E-614D-490F-B700-B9B4B3C3C937}.vn_dev|Any CPU.ActiveCfg = vn_dev|Any CPU
		{7424B44E-614D-490F-B700-B9B4B3C3C937}.vn_dev|Any CPU.Build.0 = vn_dev|Any CPU
		{B9A91E7B-BF5C-4598-A20E-F72E15B9477A}.au_production|Any CPU.ActiveCfg = au_production|Any CPU
		{B9A91E7B-BF5C-4598-A20E-F72E15B9477A}.au_production|Any CPU.Build.0 = au_production|Any CPU
		{B9A91E7B-BF5C-4598-A20E-F72E15B9477A}.au_staging|Any CPU.ActiveCfg = au_staging|Any CPU
		{B9A91E7B-BF5C-4598-A20E-F72E15B9477A}.au_staging|Any CPU.Build.0 = au_staging|Any CPU
		{B9A91E7B-BF5C-4598-A20E-F72E15B9477A}.Debug|Any CPU.ActiveCfg = Debug|Any CPU
		{B9A91E7B-BF5C-4598-A20E-F72E15B9477A}.Debug|Any CPU.Build.0 = Debug|Any CPU
		{B9A91E7B-BF5C-4598-A20E-F72E15B9477A}.pre_prod|Any CPU.ActiveCfg = pre_prod|Any CPU
		{B9A91E7B-BF5C-4598-A20E-F72E15B9477A}.pre_prod|Any CPU.Build.0 = pre_prod|Any CPU
		{B9A91E7B-BF5C-4598-A20E-F72E15B9477A}.Release|Any CPU.ActiveCfg = Release|Any CPU
		{B9A91E7B-BF5C-4598-A20E-F72E15B9477A}.Release|Any CPU.Build.0 = Release|Any CPU
		{B9A91E7B-BF5C-4598-A20E-F72E15B9477A}.us_production|Any CPU.ActiveCfg = us_production|Any CPU
		{B9A91E7B-BF5C-4598-A20E-F72E15B9477A}.us_production|Any CPU.Build.0 = us_production|Any CPU
		{B9A91E7B-BF5C-4598-A20E-F72E15B9477A}.us_staging|Any CPU.ActiveCfg = us_staging|Any CPU
		{B9A91E7B-BF5C-4598-A20E-F72E15B9477A}.us_staging|Any CPU.Build.0 = us_staging|Any CPU
		{B9A91E7B-BF5C-4598-A20E-F72E15B9477A}.vn_dev|Any CPU.ActiveCfg = vn_dev|Any CPU
		{B9A91E7B-BF5C-4598-A20E-F72E15B9477A}.vn_dev|Any CPU.Build.0 = vn_dev|Any CPU
		{4D1BCBB3-3A1A-4934-9BA4-0E13A8DE8560}.au_production|Any CPU.ActiveCfg = au_production|Any CPU
		{4D1BCBB3-3A1A-4934-9BA4-0E13A8DE8560}.au_production|Any CPU.Build.0 = au_production|Any CPU
		{4D1BCBB3-3A1A-4934-9BA4-0E13A8DE8560}.au_staging|Any CPU.ActiveCfg = au_staging|Any CPU
		{4D1BCBB3-3A1A-4934-9BA4-0E13A8DE8560}.au_staging|Any CPU.Build.0 = au_staging|Any CPU
		{4D1BCBB3-3A1A-4934-9BA4-0E13A8DE8560}.Debug|Any CPU.ActiveCfg = Debug|Any CPU
		{4D1BCBB3-3A1A-4934-9BA4-0E13A8DE8560}.Debug|Any CPU.Build.0 = Debug|Any CPU
		{4D1BCBB3-3A1A-4934-9BA4-0E13A8DE8560}.pre_prod|Any CPU.ActiveCfg = pre_prod|Any CPU
		{4D1BCBB3-3A1A-4934-9BA4-0E13A8DE8560}.pre_prod|Any CPU.Build.0 = pre_prod|Any CPU
		{4D1BCBB3-3A1A-4934-9BA4-0E13A8DE8560}.Release|Any CPU.ActiveCfg = Release|Any CPU
		{4D1BCBB3-3A1A-4934-9BA4-0E13A8DE8560}.Release|Any CPU.Build.0 = Release|Any CPU
		{4D1BCBB3-3A1A-4934-9BA4-0E13A8DE8560}.us_production|Any CPU.ActiveCfg = us_production|Any CPU
		{4D1BCBB3-3A1A-4934-9BA4-0E13A8DE8560}.us_production|Any CPU.Build.0 = us_production|Any CPU
		{4D1BCBB3-3A1A-4934-9BA4-0E13A8DE8560}.us_staging|Any CPU.ActiveCfg = us_staging|Any CPU
		{4D1BCBB3-3A1A-4934-9BA4-0E13A8DE8560}.us_staging|Any CPU.Build.0 = us_staging|Any CPU
		{4D1BCBB3-3A1A-4934-9BA4-0E13A8DE8560}.vn_dev|Any CPU.ActiveCfg = vn_dev|Any CPU
		{4D1BCBB3-3A1A-4934-9BA4-0E13A8DE8560}.vn_dev|Any CPU.Build.0 = vn_dev|Any CPU
		{7A17195C-EFBB-4446-B19A-3E3AE239F771}.au_production|Any CPU.ActiveCfg = au_production|Any CPU
		{7A17195C-EFBB-4446-B19A-3E3AE239F771}.au_production|Any CPU.Build.0 = au_production|Any CPU
		{7A17195C-EFBB-4446-B19A-3E3AE239F771}.au_staging|Any CPU.ActiveCfg = au_staging|Any CPU
		{7A17195C-EFBB-4446-B19A-3E3AE239F771}.au_staging|Any CPU.Build.0 = au_staging|Any CPU
		{7A17195C-EFBB-4446-B19A-3E3AE239F771}.Debug|Any CPU.ActiveCfg = Debug|Any CPU
		{7A17195C-EFBB-4446-B19A-3E3AE239F771}.Debug|Any CPU.Build.0 = Debug|Any CPU
		{7A17195C-EFBB-4446-B19A-3E3AE239F771}.pre_prod|Any CPU.ActiveCfg = pre_prod|Any CPU
		{7A17195C-EFBB-4446-B19A-3E3AE239F771}.pre_prod|Any CPU.Build.0 = pre_prod|Any CPU
		{7A17195C-EFBB-4446-B19A-3E3AE239F771}.Release|Any CPU.ActiveCfg = Release|Any CPU
		{7A17195C-EFBB-4446-B19A-3E3AE239F771}.Release|Any CPU.Build.0 = Release|Any CPU
		{7A17195C-EFBB-4446-B19A-3E3AE239F771}.us_production|Any CPU.ActiveCfg = us_production|Any CPU
		{7A17195C-EFBB-4446-B19A-3E3AE239F771}.us_production|Any CPU.Build.0 = us_production|Any CPU
		{7A17195C-EFBB-4446-B19A-3E3AE239F771}.us_staging|Any CPU.ActiveCfg = us_staging|Any CPU
		{7A17195C-EFBB-4446-B19A-3E3AE239F771}.us_staging|Any CPU.Build.0 = us_staging|Any CPU
		{7A17195C-EFBB-4446-B19A-3E3AE239F771}.vn_dev|Any CPU.ActiveCfg = vn_dev|Any CPU
		{7A17195C-EFBB-4446-B19A-3E3AE239F771}.vn_dev|Any CPU.Build.0 = vn_dev|Any CPU
		{FE9F0368-4277-4707-8115-41A30F2211D5}.au_production|Any CPU.ActiveCfg = au_production|Any CPU
		{FE9F0368-4277-4707-8115-41A30F2211D5}.au_production|Any CPU.Build.0 = au_production|Any CPU
		{FE9F0368-4277-4707-8115-41A30F2211D5}.au_staging|Any CPU.ActiveCfg = au_staging|Any CPU
		{FE9F0368-4277-4707-8115-41A30F2211D5}.au_staging|Any CPU.Build.0 = au_staging|Any CPU
		{FE9F0368-4277-4707-8115-41A30F2211D5}.Debug|Any CPU.ActiveCfg = Debug|Any CPU
		{FE9F0368-4277-4707-8115-41A30F2211D5}.Debug|Any CPU.Build.0 = Debug|Any CPU
		{FE9F0368-4277-4707-8115-41A30F2211D5}.pre_prod|Any CPU.ActiveCfg = pre_prod|Any CPU
		{FE9F0368-4277-4707-8115-41A30F2211D5}.pre_prod|Any CPU.Build.0 = pre_prod|Any CPU
		{FE9F0368-4277-4707-8115-41A30F2211D5}.Release|Any CPU.ActiveCfg = Release|Any CPU
		{FE9F0368-4277-4707-8115-41A30F2211D5}.Release|Any CPU.Build.0 = Release|Any CPU
		{FE9F0368-4277-4707-8115-41A30F2211D5}.us_production|Any CPU.ActiveCfg = us_production|Any CPU
		{FE9F0368-4277-4707-8115-41A30F2211D5}.us_production|Any CPU.Build.0 = us_production|Any CPU
		{FE9F0368-4277-4707-8115-41A30F2211D5}.us_staging|Any CPU.ActiveCfg = us_staging|Any CPU
		{FE9F0368-4277-4707-8115-41A30F2211D5}.us_staging|Any CPU.Build.0 = us_staging|Any CPU
		{FE9F0368-4277-4707-8115-41A30F2211D5}.vn_dev|Any CPU.ActiveCfg = vn_dev|Any CPU
		{FE9F0368-4277-4707-8115-41A30F2211D5}.vn_dev|Any CPU.Build.0 = vn_dev|Any CPU
		{6CEDFBDC-2A25-4830-B8FA-5335AEB3BBD9}.au_production|Any CPU.ActiveCfg = au_production|Any CPU
		{6CEDFBDC-2A25-4830-B8FA-5335AEB3BBD9}.au_production|Any CPU.Build.0 = au_production|Any CPU
		{6CEDFBDC-2A25-4830-B8FA-5335AEB3BBD9}.au_staging|Any CPU.ActiveCfg = au_staging|Any CPU
		{6CEDFBDC-2A25-4830-B8FA-5335AEB3BBD9}.au_staging|Any CPU.Build.0 = au_staging|Any CPU
		{6CEDFBDC-2A25-4830-B8FA-5335AEB3BBD9}.Debug|Any CPU.ActiveCfg = Debug|Any CPU
		{6CEDFBDC-2A25-4830-B8FA-5335AEB3BBD9}.Debug|Any CPU.Build.0 = Debug|Any CPU
		{6CEDFBDC-2A25-4830-B8FA-5335AEB3BBD9}.pre_prod|Any CPU.ActiveCfg = pre_prod|Any CPU
		{6CEDFBDC-2A25-4830-B8FA-5335AEB3BBD9}.pre_prod|Any CPU.Build.0 = pre_prod|Any CPU
		{6CEDFBDC-2A25-4830-B8FA-5335AEB3BBD9}.Release|Any CPU.ActiveCfg = Release|Any CPU
		{6CEDFBDC-2A25-4830-B8FA-5335AEB3BBD9}.Release|Any CPU.Build.0 = Release|Any CPU
		{6CEDFBDC-2A25-4830-B8FA-5335AEB3BBD9}.us_production|Any CPU.ActiveCfg = us_production|Any CPU
		{6CEDFBDC-2A25-4830-B8FA-5335AEB3BBD9}.us_production|Any CPU.Build.0 = us_production|Any CPU
		{6CEDFBDC-2A25-4830-B8FA-5335AEB3BBD9}.us_staging|Any CPU.ActiveCfg = us_staging|Any CPU
		{6CEDFBDC-2A25-4830-B8FA-5335AEB3BBD9}.us_staging|Any CPU.Build.0 = us_staging|Any CPU
		{6CEDFBDC-2A25-4830-B8FA-5335AEB3BBD9}.vn_dev|Any CPU.ActiveCfg = vn_dev|Any CPU
		{6CEDFBDC-2A25-4830-B8FA-5335AEB3BBD9}.vn_dev|Any CPU.Build.0 = vn_dev|Any CPU
		{2B18368A-5020-4FDB-BD77-6762F604B6F6}.au_production|Any CPU.ActiveCfg = au_production|Any CPU
		{2B18368A-5020-4FDB-BD77-6762F604B6F6}.au_production|Any CPU.Build.0 = au_production|Any CPU
		{2B18368A-5020-4FDB-BD77-6762F604B6F6}.au_staging|Any CPU.ActiveCfg = au_staging|Any CPU
		{2B18368A-5020-4FDB-BD77-6762F604B6F6}.au_staging|Any CPU.Build.0 = au_staging|Any CPU
		{2B18368A-5020-4FDB-BD77-6762F604B6F6}.Debug|Any CPU.ActiveCfg = Debug|Any CPU
		{2B18368A-5020-4FDB-BD77-6762F604B6F6}.Debug|Any CPU.Build.0 = Debug|Any CPU
		{2B18368A-5020-4FDB-BD77-6762F604B6F6}.pre_prod|Any CPU.ActiveCfg = pre_prod|Any CPU
		{2B18368A-5020-4FDB-BD77-6762F604B6F6}.pre_prod|Any CPU.Build.0 = pre_prod|Any CPU
		{2B18368A-5020-4FDB-BD77-6762F604B6F6}.Release|Any CPU.ActiveCfg = Release|Any CPU
		{2B18368A-5020-4FDB-BD77-6762F604B6F6}.Release|Any CPU.Build.0 = Release|Any CPU
		{2B18368A-5020-4FDB-BD77-6762F604B6F6}.us_production|Any CPU.ActiveCfg = us_production|Any CPU
		{2B18368A-5020-4FDB-BD77-6762F604B6F6}.us_production|Any CPU.Build.0 = us_production|Any CPU
		{2B18368A-5020-4FDB-BD77-6762F604B6F6}.us_staging|Any CPU.ActiveCfg = us_staging|Any CPU
		{2B18368A-5020-4FDB-BD77-6762F604B6F6}.us_staging|Any CPU.Build.0 = us_staging|Any CPU
		{2B18368A-5020-4FDB-BD77-6762F604B6F6}.vn_dev|Any CPU.ActiveCfg = vn_dev|Any CPU
		{2B18368A-5020-4FDB-BD77-6762F604B6F6}.vn_dev|Any CPU.Build.0 = vn_dev|Any CPU
		{74CA2592-B432-44C0-B1CF-31D9EF24CD28}.au_production|Any CPU.ActiveCfg = au_production|Any CPU
		{74CA2592-B432-44C0-B1CF-31D9EF24CD28}.au_production|Any CPU.Build.0 = au_production|Any CPU
		{74CA2592-B432-44C0-B1CF-31D9EF24CD28}.au_staging|Any CPU.ActiveCfg = au_staging|Any CPU
		{74CA2592-B432-44C0-B1CF-31D9EF24CD28}.au_staging|Any CPU.Build.0 = au_staging|Any CPU
		{74CA2592-B432-44C0-B1CF-31D9EF24CD28}.Debug|Any CPU.ActiveCfg = Debug|Any CPU
		{74CA2592-B432-44C0-B1CF-31D9EF24CD28}.Debug|Any CPU.Build.0 = Debug|Any CPU
		{74CA2592-B432-44C0-B1CF-31D9EF24CD28}.pre_prod|Any CPU.ActiveCfg = pre_prod|Any CPU
		{74CA2592-B432-44C0-B1CF-31D9EF24CD28}.pre_prod|Any CPU.Build.0 = pre_prod|Any CPU
		{74CA2592-B432-44C0-B1CF-31D9EF24CD28}.Release|Any CPU.ActiveCfg = Release|Any CPU
		{74CA2592-B432-44C0-B1CF-31D9EF24CD28}.Release|Any CPU.Build.0 = Release|Any CPU
		{74CA2592-B432-44C0-B1CF-31D9EF24CD28}.us_production|Any CPU.ActiveCfg = us_production|Any CPU
		{74CA2592-B432-44C0-B1CF-31D9EF24CD28}.us_production|Any CPU.Build.0 = us_production|Any CPU
		{74CA2592-B432-44C0-B1CF-31D9EF24CD28}.us_staging|Any CPU.ActiveCfg = us_staging|Any CPU
		{74CA2592-B432-44C0-B1CF-31D9EF24CD28}.us_staging|Any CPU.Build.0 = us_staging|Any CPU
		{74CA2592-B432-44C0-B1CF-31D9EF24CD28}.vn_dev|Any CPU.ActiveCfg = vn_dev|Any CPU
		{74CA2592-B432-44C0-B1CF-31D9EF24CD28}.vn_dev|Any CPU.Build.0 = vn_dev|Any CPU
		{35289C04-42A4-4F14-83DA-3E5E1CE2F6F9}.au_production|Any CPU.ActiveCfg = au_production|Any CPU
		{35289C04-42A4-4F14-83DA-3E5E1CE2F6F9}.au_production|Any CPU.Build.0 = au_production|Any CPU
		{35289C04-42A4-4F14-83DA-3E5E1CE2F6F9}.au_staging|Any CPU.ActiveCfg = au_staging|Any CPU
		{35289C04-42A4-4F14-83DA-3E5E1CE2F6F9}.au_staging|Any CPU.Build.0 = au_staging|Any CPU
		{35289C04-42A4-4F14-83DA-3E5E1CE2F6F9}.Debug|Any CPU.ActiveCfg = Debug|Any CPU
		{35289C04-42A4-4F14-83DA-3E5E1CE2F6F9}.Debug|Any CPU.Build.0 = Debug|Any CPU
		{35289C04-42A4-4F14-83DA-3E5E1CE2F6F9}.pre_prod|Any CPU.ActiveCfg = pre_prod|Any CPU
		{35289C04-42A4-4F14-83DA-3E5E1CE2F6F9}.pre_prod|Any CPU.Build.0 = pre_prod|Any CPU
		{35289C04-42A4-4F14-83DA-3E5E1CE2F6F9}.Release|Any CPU.ActiveCfg = Release|Any CPU
		{35289C04-42A4-4F14-83DA-3E5E1CE2F6F9}.Release|Any CPU.Build.0 = Release|Any CPU
		{35289C04-42A4-4F14-83DA-3E5E1CE2F6F9}.us_production|Any CPU.ActiveCfg = us_production|Any CPU
		{35289C04-42A4-4F14-83DA-3E5E1CE2F6F9}.us_production|Any CPU.Build.0 = us_production|Any CPU
		{35289C04-42A4-4F14-83DA-3E5E1CE2F6F9}.us_staging|Any CPU.ActiveCfg = us_staging|Any CPU
		{35289C04-42A4-4F14-83DA-3E5E1CE2F6F9}.us_staging|Any CPU.Build.0 = us_staging|Any CPU
		{35289C04-42A4-4F14-83DA-3E5E1CE2F6F9}.vn_dev|Any CPU.ActiveCfg = vn_dev|Any CPU
		{35289C04-42A4-4F14-83DA-3E5E1CE2F6F9}.vn_dev|Any CPU.Build.0 = vn_dev|Any CPU
		{FB1084D7-33A3-4416-9832-394A3B12A5C3}.au_production|Any CPU.ActiveCfg = au_production|Any CPU
		{FB1084D7-33A3-4416-9832-394A3B12A5C3}.au_production|Any CPU.Build.0 = au_production|Any CPU
		{FB1084D7-33A3-4416-9832-394A3B12A5C3}.au_staging|Any CPU.ActiveCfg = au_staging|Any CPU
		{FB1084D7-33A3-4416-9832-394A3B12A5C3}.au_staging|Any CPU.Build.0 = au_staging|Any CPU
		{FB1084D7-33A3-4416-9832-394A3B12A5C3}.Debug|Any CPU.ActiveCfg = Debug|Any CPU
		{FB1084D7-33A3-4416-9832-394A3B12A5C3}.Debug|Any CPU.Build.0 = Debug|Any CPU
		{FB1084D7-33A3-4416-9832-394A3B12A5C3}.pre_prod|Any CPU.ActiveCfg = pre_prod|Any CPU
		{FB1084D7-33A3-4416-9832-394A3B12A5C3}.pre_prod|Any CPU.Build.0 = pre_prod|Any CPU
		{FB1084D7-33A3-4416-9832-394A3B12A5C3}.Release|Any CPU.ActiveCfg = Release|Any CPU
		{FB1084D7-33A3-4416-9832-394A3B12A5C3}.Release|Any CPU.Build.0 = Release|Any CPU
		{FB1084D7-33A3-4416-9832-394A3B12A5C3}.us_production|Any CPU.ActiveCfg = us_production|Any CPU
		{FB1084D7-33A3-4416-9832-394A3B12A5C3}.us_production|Any CPU.Build.0 = us_production|Any CPU
		{FB1084D7-33A3-4416-9832-394A3B12A5C3}.us_staging|Any CPU.ActiveCfg = us_staging|Any CPU
		{FB1084D7-33A3-4416-9832-394A3B12A5C3}.us_staging|Any CPU.Build.0 = us_staging|Any CPU
		{FB1084D7-33A3-4416-9832-394A3B12A5C3}.vn_dev|Any CPU.ActiveCfg = vn_dev|Any CPU
		{FB1084D7-33A3-4416-9832-394A3B12A5C3}.vn_dev|Any CPU.Build.0 = vn_dev|Any CPU
		{7008FA8C-D27C-4E6C-AF91-19F1F082D88C}.au_production|Any CPU.ActiveCfg = Release|Any CPU
		{7008FA8C-D27C-4E6C-AF91-19F1F082D88C}.au_production|Any CPU.Build.0 = Release|Any CPU
		{7008FA8C-D27C-4E6C-AF91-19F1F082D88C}.au_staging|Any CPU.ActiveCfg = Release|Any CPU
		{7008FA8C-D27C-4E6C-AF91-19F1F082D88C}.au_staging|Any CPU.Build.0 = Release|Any CPU
		{7008FA8C-D27C-4E6C-AF91-19F1F082D88C}.Debug|Any CPU.ActiveCfg = Debug|Any CPU
		{7008FA8C-D27C-4E6C-AF91-19F1F082D88C}.Debug|Any CPU.Build.0 = Debug|Any CPU
		{7008FA8C-D27C-4E6C-AF91-19F1F082D88C}.pre_prod|Any CPU.ActiveCfg = Release|Any CPU
		{7008FA8C-D27C-4E6C-AF91-19F1F082D88C}.pre_prod|Any CPU.Build.0 = Release|Any CPU
		{7008FA8C-D27C-4E6C-AF91-19F1F082D88C}.Release|Any CPU.ActiveCfg = Release|Any CPU
		{7008FA8C-D27C-4E6C-AF91-19F1F082D88C}.Release|Any CPU.Build.0 = Release|Any CPU
		{7008FA8C-D27C-4E6C-AF91-19F1F082D88C}.us_production|Any CPU.ActiveCfg = Release|Any CPU
		{7008FA8C-D27C-4E6C-AF91-19F1F082D88C}.us_production|Any CPU.Build.0 = Release|Any CPU
		{7008FA8C-D27C-4E6C-AF91-19F1F082D88C}.us_staging|Any CPU.ActiveCfg = Release|Any CPU
		{7008FA8C-D27C-4E6C-AF91-19F1F082D88C}.us_staging|Any CPU.Build.0 = Release|Any CPU
		{7008FA8C-D27C-4E6C-AF91-19F1F082D88C}.vn_dev|Any CPU.ActiveCfg = Release|Any CPU
		{7008FA8C-D27C-4E6C-AF91-19F1F082D88C}.vn_dev|Any CPU.Build.0 = Release|Any CPU
		{E7E5D8A4-9875-4FC6-BEB0-80D4A99BDC8E}.au_production|Any CPU.ActiveCfg = Release|Any CPU
		{E7E5D8A4-9875-4FC6-BEB0-80D4A99BDC8E}.au_production|Any CPU.Build.0 = Release|Any CPU
		{E7E5D8A4-9875-4FC6-BEB0-80D4A99BDC8E}.au_staging|Any CPU.ActiveCfg = Release|Any CPU
		{E7E5D8A4-9875-4FC6-BEB0-80D4A99BDC8E}.au_staging|Any CPU.Build.0 = Release|Any CPU
		{E7E5D8A4-9875-4FC6-BEB0-80D4A99BDC8E}.Debug|Any CPU.ActiveCfg = Debug|Any CPU
		{E7E5D8A4-9875-4FC6-BEB0-80D4A99BDC8E}.Debug|Any CPU.Build.0 = Debug|Any CPU
		{E7E5D8A4-9875-4FC6-BEB0-80D4A99BDC8E}.pre_prod|Any CPU.ActiveCfg = Release|Any CPU
		{E7E5D8A4-9875-4FC6-BEB0-80D4A99BDC8E}.pre_prod|Any CPU.Build.0 = Release|Any CPU
		{E7E5D8A4-9875-4FC6-BEB0-80D4A99BDC8E}.Release|Any CPU.ActiveCfg = Release|Any CPU
		{E7E5D8A4-9875-4FC6-BEB0-80D4A99BDC8E}.Release|Any CPU.Build.0 = Release|Any CPU
		{E7E5D8A4-9875-4FC6-BEB0-80D4A99BDC8E}.us_production|Any CPU.ActiveCfg = Release|Any CPU
		{E7E5D8A4-9875-4FC6-BEB0-80D4A99BDC8E}.us_production|Any CPU.Build.0 = Release|Any CPU
		{E7E5D8A4-9875-4FC6-BEB0-80D4A99BDC8E}.us_staging|Any CPU.ActiveCfg = Release|Any CPU
		{E7E5D8A4-9875-4FC6-BEB0-80D4A99BDC8E}.us_staging|Any CPU.Build.0 = Release|Any CPU
		{E7E5D8A4-9875-4FC6-BEB0-80D4A99BDC8E}.vn_dev|Any CPU.ActiveCfg = Release|Any CPU
		{E7E5D8A4-9875-4FC6-BEB0-80D4A99BDC8E}.vn_dev|Any CPU.Build.0 = Release|Any CPU
		{3B9CFB5A-3E4A-42EC-A32C-6DAE702D2943}.au_production|Any CPU.ActiveCfg = Debug|Any CPU
		{3B9CFB5A-3E4A-42EC-A32C-6DAE702D2943}.au_production|Any CPU.Build.0 = Debug|Any CPU
		{3B9CFB5A-3E4A-42EC-A32C-6DAE702D2943}.au_staging|Any CPU.ActiveCfg = Debug|Any CPU
		{3B9CFB5A-3E4A-42EC-A32C-6DAE702D2943}.au_staging|Any CPU.Build.0 = Debug|Any CPU
		{3B9CFB5A-3E4A-42EC-A32C-6DAE702D2943}.Debug|Any CPU.ActiveCfg = Debug|Any CPU
		{3B9CFB5A-3E4A-42EC-A32C-6DAE702D2943}.Debug|Any CPU.Build.0 = Debug|Any CPU
		{3B9CFB5A-3E4A-42EC-A32C-6DAE702D2943}.pre_prod|Any CPU.ActiveCfg = Debug|Any CPU
		{3B9CFB5A-3E4A-42EC-A32C-6DAE702D2943}.pre_prod|Any CPU.Build.0 = Debug|Any CPU
		{3B9CFB5A-3E4A-42EC-A32C-6DAE702D2943}.Release|Any CPU.ActiveCfg = Release|Any CPU
		{3B9CFB5A-3E4A-42EC-A32C-6DAE702D2943}.Release|Any CPU.Build.0 = Release|Any CPU
		{3B9CFB5A-3E4A-42EC-A32C-6DAE702D2943}.us_production|Any CPU.ActiveCfg = Debug|Any CPU
		{3B9CFB5A-3E4A-42EC-A32C-6DAE702D2943}.us_production|Any CPU.Build.0 = Debug|Any CPU
		{3B9CFB5A-3E4A-42EC-A32C-6DAE702D2943}.us_staging|Any CPU.ActiveCfg = Debug|Any CPU
		{3B9CFB5A-3E4A-42EC-A32C-6DAE702D2943}.us_staging|Any CPU.Build.0 = Debug|Any CPU
		{3B9CFB5A-3E4A-42EC-A32C-6DAE702D2943}.vn_dev|Any CPU.ActiveCfg = Debug|Any CPU
		{3B9CFB5A-3E4A-42EC-A32C-6DAE702D2943}.vn_dev|Any CPU.Build.0 = Debug|Any CPU
		{8B901847-CAEE-4ABE-8395-9C87DF4D6067}.au_production|Any CPU.ActiveCfg = Debug|Any CPU
		{8B901847-CAEE-4ABE-8395-9C87DF4D6067}.au_production|Any CPU.Build.0 = Debug|Any CPU
		{8B901847-CAEE-4ABE-8395-9C87DF4D6067}.au_staging|Any CPU.ActiveCfg = Debug|Any CPU
		{8B901847-CAEE-4ABE-8395-9C87DF4D6067}.au_staging|Any CPU.Build.0 = Debug|Any CPU
		{8B901847-CAEE-4ABE-8395-9C87DF4D6067}.Debug|Any CPU.ActiveCfg = Debug|Any CPU
		{8B901847-CAEE-4ABE-8395-9C87DF4D6067}.Debug|Any CPU.Build.0 = Debug|Any CPU
		{8B901847-CAEE-4ABE-8395-9C87DF4D6067}.pre_prod|Any CPU.ActiveCfg = Debug|Any CPU
		{8B901847-CAEE-4ABE-8395-9C87DF4D6067}.pre_prod|Any CPU.Build.0 = Debug|Any CPU
		{8B901847-CAEE-4ABE-8395-9C87DF4D6067}.Release|Any CPU.ActiveCfg = Release|Any CPU
		{8B901847-CAEE-4ABE-8395-9C87DF4D6067}.Release|Any CPU.Build.0 = Release|Any CPU
		{8B901847-CAEE-4ABE-8395-9C87DF4D6067}.us_production|Any CPU.ActiveCfg = Debug|Any CPU
		{8B901847-CAEE-4ABE-8395-9C87DF4D6067}.us_production|Any CPU.Build.0 = Debug|Any CPU
		{8B901847-CAEE-4ABE-8395-9C87DF4D6067}.us_staging|Any CPU.ActiveCfg = Debug|Any CPU
		{8B901847-CAEE-4ABE-8395-9C87DF4D6067}.us_staging|Any CPU.Build.0 = Debug|Any CPU
		{8B901847-CAEE-4ABE-8395-9C87DF4D6067}.vn_dev|Any CPU.ActiveCfg = Debug|Any CPU
		{8B901847-CAEE-4ABE-8395-9C87DF4D6067}.vn_dev|Any CPU.Build.0 = Debug|Any CPU
		{437C096F-4A2D-4682-BEE6-81C57300ED5E}.au_production|Any CPU.ActiveCfg = Debug|Any CPU
		{437C096F-4A2D-4682-BEE6-81C57300ED5E}.au_production|Any CPU.Build.0 = Debug|Any CPU
		{437C096F-4A2D-4682-BEE6-81C57300ED5E}.au_staging|Any CPU.ActiveCfg = Debug|Any CPU
		{437C096F-4A2D-4682-BEE6-81C57300ED5E}.au_staging|Any CPU.Build.0 = Debug|Any CPU
		{437C096F-4A2D-4682-BEE6-81C57300ED5E}.Debug|Any CPU.ActiveCfg = Debug|Any CPU
		{437C096F-4A2D-4682-BEE6-81C57300ED5E}.Debug|Any CPU.Build.0 = Debug|Any CPU
		{437C096F-4A2D-4682-BEE6-81C57300ED5E}.pre_prod|Any CPU.ActiveCfg = Debug|Any CPU
		{437C096F-4A2D-4682-BEE6-81C57300ED5E}.pre_prod|Any CPU.Build.0 = Debug|Any CPU
		{437C096F-4A2D-4682-BEE6-81C57300ED5E}.Release|Any CPU.ActiveCfg = Release|Any CPU
		{437C096F-4A2D-4682-BEE6-81C57300ED5E}.Release|Any CPU.Build.0 = Release|Any CPU
		{437C096F-4A2D-4682-BEE6-81C57300ED5E}.us_production|Any CPU.ActiveCfg = Debug|Any CPU
		{437C096F-4A2D-4682-BEE6-81C57300ED5E}.us_production|Any CPU.Build.0 = Debug|Any CPU
		{437C096F-4A2D-4682-BEE6-81C57300ED5E}.us_staging|Any CPU.ActiveCfg = Debug|Any CPU
		{437C096F-4A2D-4682-BEE6-81C57300ED5E}.us_staging|Any CPU.Build.0 = Debug|Any CPU
		{437C096F-4A2D-4682-BEE6-81C57300ED5E}.vn_dev|Any CPU.ActiveCfg = Debug|Any CPU
		{437C096F-4A2D-4682-BEE6-81C57300ED5E}.vn_dev|Any CPU.Build.0 = Debug|Any CPU
	EndGlobalSection
	GlobalSection(SolutionProperties) = preSolution
		HideSolutionNode = FALSE
	EndGlobalSection
	GlobalSection(NestedProjects) = preSolution
		{B956842C-C8F5-42B1-BAF4-CEBB258F964F} = {8CCDFDF0-BE04-44AF-B0F8-41E64102ADD5}
		{3B9CFB5A-3E4A-42EC-A32C-6DAE702D2943} = {8B5B844B-EEE1-4312-AE78-2935C993A1A2}
		{8B901847-CAEE-4ABE-8395-9C87DF4D6067} = {8B5B844B-EEE1-4312-AE78-2935C993A1A2}
		{437C096F-4A2D-4682-BEE6-81C57300ED5E} = {8B5B844B-EEE1-4312-AE78-2935C993A1A2}
	EndGlobalSection
	GlobalSection(ExtensibilityGlobals) = postSolution
		SolutionGuid = {A3696DE8-8E01-4A92-B148-3741C84CE0C5}
	EndGlobalSection
	GlobalSection(HgVSProperties) = preSolution
		SolutionIsControlled = True
		SolutionBindings = <Solution Location In Database>
	EndGlobalSection
	GlobalSection(HgVSProperties) = preSolution
		SolutionIsControlled = True
		SolutionBindings = <Solution Location In Database>
	EndGlobalSection
	GlobalSection(HgVSProperties) = preSolution
		SolutionIsControlled = True
		SolutionBindings = <Solution Location In Database>
	EndGlobalSection
	GlobalSection(HgVSProperties) = preSolution
		SolutionIsControlled = True
		SolutionBindings = <Solution Location In Database>
	EndGlobalSection
	GlobalSection(HgVSProperties) = preSolution
		SolutionIsControlled = True
		SolutionBindings = <Solution Location In Database>
	EndGlobalSection
	GlobalSection(HgVSProperties) = preSolution
		SolutionIsControlled = True
		SolutionBindings = <Solution Location In Database>
	EndGlobalSection
	GlobalSection(HgVSProperties) = preSolution
		SolutionIsControlled = True
		SolutionBindings = <Solution Location In Database>
	EndGlobalSection
	GlobalSection(HgVSProperties) = preSolution
		SolutionIsControlled = True
		SolutionBindings = <Solution Location In Database>
	EndGlobalSection
	GlobalSection(HgVSProperties) = preSolution
		SolutionIsControlled = True
		SolutionBindings = <Solution Location In Database>
	EndGlobalSection
	GlobalSection(HgVSProperties) = preSolution
		SolutionIsControlled = True
		SolutionBindings = <Solution Location In Database>
	EndGlobalSection
	GlobalSection(HgVSProperties) = preSolution
		SolutionIsControlled = True
		SolutionBindings = <Solution Location In Database>
	EndGlobalSection
	GlobalSection(HgVSProperties) = preSolution
		SolutionIsControlled = True
		SolutionBindings = <Solution Location In Database>
	EndGlobalSection
	GlobalSection(HgVSProperties) = preSolution
		SolutionIsControlled = True
		SolutionBindings = <Solution Location In Database>
	EndGlobalSection
	GlobalSection(HgVSProperties) = preSolution
		SolutionIsControlled = True
		SolutionBindings = <Solution Location In Database>
	EndGlobalSection
	GlobalSection(HgVSProperties) = preSolution
		SolutionIsControlled = True
		SolutionBindings = <Solution Location In Database>
	EndGlobalSection
	GlobalSection(HgVSProperties) = preSolution
		SolutionIsControlled = True
		SolutionBindings = <Solution Location In Database>
	EndGlobalSection
	GlobalSection(HgVSProperties) = preSolution
		SolutionIsControlled = True
		SolutionBindings = <Solution Location In Database>
	EndGlobalSection
	GlobalSection(HgVSProperties) = preSolution
		SolutionIsControlled = True
		SolutionBindings = <Solution Location In Database>
	EndGlobalSection
	GlobalSection(HgVSProperties) = preSolution
		SolutionIsControlled = True
		SolutionBindings = <Solution Location In Database>
	EndGlobalSection
	GlobalSection(HgVSProperties) = preSolution
		SolutionIsControlled = True
		SolutionBindings = <Solution Location In Database>
	EndGlobalSection
	GlobalSection(HgVSProperties) = preSolution
		SolutionIsControlled = True
		SolutionBindings = <Solution Location In Database>
	EndGlobalSection
	GlobalSection(HgVSProperties) = preSolution
		SolutionIsControlled = True
		SolutionBindings = <Solution Location In Database>
	EndGlobalSection
EndGlobal
